{
  "name": "rescript-project-template",
  "version": "0.0.1",
  "lockfileVersion": 2,
  "requires": true,
  "packages": {
    "": {
      "name": "rescript-project-template",
      "version": "0.0.1",
      "license": "MIT",
      "dependencies": {
        "functional-data-structure": "^0.1.4",
        "rescript": "*"
      }
    },
    "node_modules/functional-data-structure": {
      "version": "0.1.4",
      "resolved": "https://registry.npmjs.org/functional-data-structure/-/functional-data-structure-0.1.4.tgz",
      "integrity": "sha512-58DJzbxnr5f+2WBCx6P1ND1Ua3yYl0Le2jOtGyM8I9qC20mAXG4xoXB8TFUTSwiw79Tt6uEqVrZOrik4LFUKrw==",
      "dependencies": {
        "rescript": "*"
      }
    },
    "node_modules/rescript": {
      "version": "10.1.4",
      "resolved": "https://registry.npmjs.org/rescript/-/rescript-10.1.4.tgz",
      "integrity": "sha512-FFKlS9AG/XrLepWsyw7B+A9DtQBPWEPDPDKghV831Y2KGbie+eeFBOS0xtRHp0xbt7S0N2Dm6hhX+kTZQ/3Ybg==",
      "hasInstallScript": true,
      "bin": {
        "bsc": "bsc",
        "bsrefmt": "bsrefmt",
        "bstracing": "lib/bstracing",
        "rescript": "rescript"
      }
    }
  },
  "dependencies": {
    "functional-data-structure": {
      "version": "0.1.4",
      "resolved": "https://registry.npmjs.org/functional-data-structure/-/functional-data-structure-0.1.4.tgz",
      "integrity": "sha512-58DJzbxnr5f+2WBCx6P1ND1Ua3yYl0Le2jOtGyM8I9qC20mAXG4xoXB8TFUTSwiw79Tt6uEqVrZOrik4LFUKrw==",
      "requires": {
        "rescript": "*"
      }
    },
    "rescript": {
      "version": "10.1.4",
      "resolved": "https://registry.npmjs.org/rescript/-/rescript-10.1.4.tgz",
      "integrity": "sha512-FFKlS9AG/XrLepWsyw7B+A9DtQBPWEPDPDKghV831Y2KGbie+eeFBOS0xtRHp0xbt7S0N2Dm6hhX+kTZQ/3Ybg=="
    }
  }
}
